
Microsoft Visual Studio Solution File, Format Version 12.00
# Visual Studio Version 17
VisualStudioVersion = 17.2.32616.157
MinimumVisualStudioVersion = 10.0.40219.1
Project("{FAE04EC0-301F-11D3-BF4B-00C04F79EFBC}") = "chartFinal", "chartFinal\chartFinal.csproj", "{6578F577-0283-4A8A-BBD9-4F6659E3524E}"
EndProject
Global
	GlobalSection(SolutionConfigurationPlatforms) = preSolution
		Debug|Any CPU = Debug|Any CPU
		Release|Any CPU = Release|Any CPU
	EndGlobalSection
	GlobalSection(ProjectConfigurationPlatforms) = postSolution
		{6578F577-0283-4A8A-BBD9-4F6659E3524E}.Debug|Any CPU.ActiveCfg = Debug|Any CPU
		{6578F577-0283-4A8A-BBD9-4F6659E3524E}.Debug|Any CPU.Build.0 = Debug|Any CPU
		{6578F577-0283-4A8A-BBD9-4F6659E3524E}.Release|Any CPU.ActiveCfg = Release|Any CPU
		{6578F577-0283-4A8A-BBD9-4F6659E3524E}.Release|Any CPU.Build.0 = Release|Any CPU
	EndGlobalSection
	GlobalSection(SolutionProperties) = preSolution
		HideSolutionNode = FALSE
	EndGlobalSection
	GlobalSection(ExtensibilityGlobals) = postSolution
		SolutionGuid = {641B3123-C166-406C-AC8F-FE7E3523D9B1}
	EndGlobalSection
EndGlobal
